
Microsoft Visual Studio Solution File, Format Version 12.00
# Visual Studio 15
VisualStudioVersion = 15.0.28010.2046
MinimumVisualStudioVersion = 10.0.40219.1
Project("{FAE04EC0-301F-11D3-BF4B-00C04F79EFBC}") = "WestOne", "WestOne\WestOne.csproj", "{BF5AB65C-48B5-49C7-861B-7F667D2824DE}"
EndProject
Global
	GlobalSection(SolutionConfigurationPlatforms) = preSolution
		Debug|Any CPU = Debug|Any CPU
		Release|Any CPU = Release|Any CPU
	EndGlobalSection
	GlobalSection(ProjectConfigurationPlatforms) = postSolution
		{BF5AB65C-48B5-49C7-861B-7F667D2824DE}.Debug|Any CPU.ActiveCfg = Debug|Any CPU
		{BF5AB65C-48B5-49C7-861B-7F667D2824DE}.Debug|Any CPU.Build.0 = Debug|Any CPU
		{BF5AB65C-48B5-49C7-861B-7F667D2824DE}.Release|Any CPU.ActiveCfg = Release|Any CPU
		{BF5AB65C-48B5-49C7-861B-7F667D2824DE}.Release|Any CPU.Build.0 = Release|Any CPU
	EndGlobalSection
	GlobalSection(SolutionProperties) = preSolution
		HideSolutionNode = FALSE
	EndGlobalSection
	GlobalSection(ExtensibilityGlobals) = postSolution
		SolutionGuid = {8D7D1C45-5006-449E-AF2F-A1DC1A5D437F}
	EndGlobalSection
EndGlobal
